// !$*UTF8*$!
{
	archiveVersion = 1;
	classes = {
	};
	objectVersion = 46;
	objects = {

/* Begin PBXBuildFile section */
		646256A01C0C87E20028CF5F /* main.m in Sources */ = {isa = PBXBuildFile; fileRef = 6462569F1C0C87E20028CF5F /* main.m */; };
		646256A31C0C87E20028CF5F /* AppDelegate.m in Sources */ = {isa = PBXBuildFile; fileRef = 646256A21C0C87E20028CF5F /* AppDelegate.m */; };
		646256A91C0C87E20028CF5F /* Main.storyboard in Resources */ = {isa = PBXBuildFile; fileRef = 646256A71C0C87E20028CF5F /* Main.storyboard */; };
		646256AC1C0C87E20028CF5F /* eFruit.xcdatamodeld in Sources */ = {isa = PBXBuildFile; fileRef = 646256AA1C0C87E20028CF5F /* eFruit.xcdatamodeld */; };
		646256AE1C0C87E20028CF5F /* Assets.xcassets in Resources */ = {isa = PBXBuildFile; fileRef = 646256AD1C0C87E20028CF5F /* Assets.xcassets */; };
		646256B11C0C87E20028CF5F /* LaunchScreen.storyboard in Resources */ = {isa = PBXBuildFile; fileRef = 646256AF1C0C87E20028CF5F /* LaunchScreen.storyboard */; };
		646256BC1C0C87E20028CF5F /* eFruitTests.m in Sources */ = {isa = PBXBuildFile; fileRef = 646256BB1C0C87E20028CF5F /* eFruitTests.m */; };
		646256C71C0C87E20028CF5F /* eFruitUITests.m in Sources */ = {isa = PBXBuildFile; fileRef = 646256C61C0C87E20028CF5F /* eFruitUITests.m */; };
		64B238091C2D4EC500CA6980 /* LELoginController.m in Sources */ = {isa = PBXBuildFile; fileRef = 64B238081C2D4EC500CA6980 /* LELoginController.m */; };
		64B2380C1C2D4F9400CA6980 /* LERegController.m in Sources */ = {isa = PBXBuildFile; fileRef = 64B2380B1C2D4F9400CA6980 /* LERegController.m */; };
		64B238131C2D4FB500CA6980 /* MBProgressHUD+MJ.m in Sources */ = {isa = PBXBuildFile; fileRef = 64B2380F1C2D4FB500CA6980 /* MBProgressHUD+MJ.m */; };
		64B238141C2D4FB500CA6980 /* MBProgressHUD.bundle in Resources */ = {isa = PBXBuildFile; fileRef = 64B238101C2D4FB500CA6980 /* MBProgressHUD.bundle */; };
		64B238151C2D4FB500CA6980 /* MBProgressHUD.m in Sources */ = {isa = PBXBuildFile; fileRef = 64B238121C2D4FB500CA6980 /* MBProgressHUD.m */; };
		64B238181C2D722200CA6980 /* NSArray+Log.m in Sources */ = {isa = PBXBuildFile; fileRef = 64B238171C2D722200CA6980 /* NSArray+Log.m */; };
		64B2381B1C2D768400CA6980 /* LEUser.m in Sources */ = {isa = PBXBuildFile; fileRef = 64B2381A1C2D768400CA6980 /* LEUser.m */; };
		64E7CE441C0D6D4100E8FFBD /* homeViewController.m in Sources */ = {isa = PBXBuildFile; fileRef = 64E7CE431C0D6D4100E8FFBD /* homeViewController.m */; };
		64E7CE4C1C0D6EF000E8FFBD /* LEHeaderView.m in Sources */ = {isa = PBXBuildFile; fileRef = 64E7CE4A1C0D6EF000E8FFBD /* LEHeaderView.m */; };
		64E7CE4D1C0D6EF000E8FFBD /* LEHeaderView.xib in Resources */ = {isa = PBXBuildFile; fileRef = 64E7CE4B1C0D6EF000E8FFBD /* LEHeaderView.xib */; };
		64E7CE4F1C0D76C400E8FFBD /* fruit.plist in Resources */ = {isa = PBXBuildFile; fileRef = 64E7CE4E1C0D76C400E8FFBD /* fruit.plist */; };
		64E7CE581C0D786100E8FFBD /* LEFooterView.m in Sources */ = {isa = PBXBuildFile; fileRef = 64E7CE511C0D786100E8FFBD /* LEFooterView.m */; };
		64E7CE591C0D786100E8FFBD /* LEFooterView.xib in Resources */ = {isa = PBXBuildFile; fileRef = 64E7CE521C0D786100E8FFBD /* LEFooterView.xib */; };
		64E7CE5A1C0D786100E8FFBD /* LEGoods.m in Sources */ = {isa = PBXBuildFile; fileRef = 64E7CE541C0D786100E8FFBD /* LEGoods.m */; };
		64E7CE5B1C0D786100E8FFBD /* LEGoodsCell.m in Sources */ = {isa = PBXBuildFile; fileRef = 64E7CE561C0D786100E8FFBD /* LEGoodsCell.m */; };
		64E7CE5C1C0D786100E8FFBD /* LEGoodsCell.xib in Resources */ = {isa = PBXBuildFile; fileRef = 64E7CE571C0D786100E8FFBD /* LEGoodsCell.xib */; };
/* End PBXBuildFile section */

/* Begin PBXContainerItemProxy section */
		646256B81C0C87E20028CF5F /* PBXContainerItemProxy */ = {
			isa = PBXContainerItemProxy;
			containerPortal = 646256931C0C87E20028CF5F /* Project object */;
			proxyType = 1;
			remoteGlobalIDString = 6462569A1C0C87E20028CF5F;
			remoteInfo = eFruit;
		};
		646256C31C0C87E20028CF5F /* PBXContainerItemProxy */ = {
			isa = PBXContainerItemProxy;
			containerPortal = 646256931C0C87E20028CF5F /* Project object */;
			proxyType = 1;
			remoteGlobalIDString = 6462569A1C0C87E20028CF5F;
			remoteInfo = eFruit;
		};
/* End PBXContainerItemProxy section */

/* Begin PBXFileReference section */
		6462569B1C0C87E20028CF5F /* eFruit.app */ = {isa = PBXFileReference; explicitFileType = wrapper.application; includeInIndex = 0; path = eFruit.app; sourceTree = BUILT_PRODUCTS_DIR; };
		6462569F1C0C87E20028CF5F /* main.m */ = {isa = PBXFileReference; lastKnownFileType = sourcecode.c.objc; path = main.m; sourceTree = "<group>"; };
		646256A11C0C87E20028CF5F /* AppDelegate.h */ = {isa = PBXFileReference; lastKnownFileType = sourcecode.c.h; path = AppDelegate.h; sourceTree = "<group>"; };
		646256A21C0C87E20028CF5F /* AppDelegate.m */ = {isa = PBXFileReference; lastKnownFileType = sourcecode.c.objc; path = AppDelegate.m; sourceTree = "<group>"; };
		646256A81C0C87E20028CF5F /* Base */ = {isa = PBXFileReference; lastKnownFileType = file.storyboard; name = Base; path = Base.lproj/Main.storyboard; sourceTree = "<group>"; };
		646256AB1C0C87E20028CF5F /* eFruit.xcdatamodel */ = {isa = PBXFileReference; lastKnownFileType = wrapper.xcdatamodel; path = eFruit.xcdatamodel; sourceTree = "<group>"; };
		646256AD1C0C87E20028CF5F /* Assets.xcassets */ = {isa = PBXFileReference; lastKnownFileType = folder.assetcatalog; path = Assets.xcassets; sourceTree = "<group>"; };
		646256B01C0C87E20028CF5F /* Base */ = {isa = PBXFileReference; lastKnownFileType = file.storyboard; name = Base; path = Base.lproj/LaunchScreen.storyboard; sourceTree = "<group>"; };
		646256B21C0C87E20028CF5F /* Info.plist */ = {isa = PBXFileReference; lastKnownFileType = text.plist.xml; path = Info.plist; sourceTree = "<group>"; };
		646256B71C0C87E20028CF5F /* eFruitTests.xctest */ = {isa = PBXFileReference; explicitFileType = wrapper.cfbundle; includeInIndex = 0; path = eFruitTests.xctest; sourceTree = BUILT_PRODUCTS_DIR; };
		646256BB1C0C87E20028CF5F /* eFruitTests.m */ = {isa = PBXFileReference; lastKnownFileType = sourcecode.c.objc; path = eFruitTests.m; sourceTree = "<group>"; };
		646256BD1C0C87E20028CF5F /* Info.plist */ = {isa = PBXFileReference; lastKnownFileType = text.plist.xml; path = Info.plist; sourceTree = "<group>"; };
		646256C21C0C87E20028CF5F /* eFruitUITests.xctest */ = {isa = PBXFileReference; explicitFileType = wrapper.cfbundle; includeInIndex = 0; path = eFruitUITests.xctest; sourceTree = BUILT_PRODUCTS_DIR; };
		646256C61C0C87E20028CF5F /* eFruitUITests.m */ = {isa = PBXFileReference; lastKnownFileType = sourcecode.c.objc; path = eFruitUITests.m; sourceTree = "<group>"; };
		646256C81C0C87E20028CF5F /* Info.plist */ = {isa = PBXFileReference; lastKnownFileType = text.plist.xml; path = Info.plist; sourceTree = "<group>"; };
		64B238071C2D4EC500CA6980 /* LELoginController.h */ = {isa = PBXFileReference; fileEncoding = 4; lastKnownFileType = sourcecode.c.h; path = LELoginController.h; sourceTree = "<group>"; };
		64B238081C2D4EC500CA6980 /* LELoginController.m */ = {isa = PBXFileReference; fileEncoding = 4; lastKnownFileType = sourcecode.c.objc; path = LELoginController.m; sourceTree = "<group>"; };
		64B2380A1C2D4F9400CA6980 /* LERegController.h */ = {isa = PBXFileReference; fileEncoding = 4; lastKnownFileType = sourcecode.c.h; path = LERegController.h; sourceTree = "<group>"; };
		64B2380B1C2D4F9400CA6980 /* LERegController.m */ = {isa = PBXFileReference; fileEncoding = 4; lastKnownFileType = sourcecode.c.objc; path = LERegController.m; sourceTree = "<group>"; };
		64B2380E1C2D4FB500CA6980 /* MBProgressHUD+MJ.h */ = {isa = PBXFileReference; fileEncoding = 4; lastKnownFileType = sourcecode.c.h; path = "MBProgressHUD+MJ.h"; sourceTree = "<group>"; };
		64B2380F1C2D4FB500CA6980 /* MBProgressHUD+MJ.m */ = {isa = PBXFileReference; fileEncoding = 4; lastKnownFileType = sourcecode.c.objc; path = "MBProgressHUD+MJ.m"; sourceTree = "<group>"; };
		64B238101C2D4FB500CA6980 /* MBProgressHUD.bundle */ = {isa = PBXFileReference; lastKnownFileType = "wrapper.plug-in"; path = MBProgressHUD.bundle; sourceTree = "<group>"; };
		64B238111C2D4FB500CA6980 /* MBProgressHUD.h */ = {isa = PBXFileReference; fileEncoding = 4; lastKnownFileType = sourcecode.c.h; path = MBProgressHUD.h; sourceTree = "<group>"; };
		64B238121C2D4FB500CA6980 /* MBProgressHUD.m */ = {isa = PBXFileReference; fileEncoding = 4; lastKnownFileType = sourcecode.c.objc; path = MBProgressHUD.m; sourceTree = "<group>"; };
		64B238161C2D722200CA6980 /* NSArray+Log.h */ = {isa = PBXFileReference; fileEncoding = 4; lastKnownFileType = sourcecode.c.h; path = "NSArray+Log.h"; sourceTree = "<group>"; };
		64B238171C2D722200CA6980 /* NSArray+Log.m */ = {isa = PBXFileReference; fileEncoding = 4; lastKnownFileType = sourcecode.c.objc; path = "NSArray+Log.m"; sourceTree = "<group>"; };
		64B238191C2D768400CA6980 /* LEUser.h */ = {isa = PBXFileReference; fileEncoding = 4; lastKnownFileType = sourcecode.c.h; path = LEUser.h; sourceTree = "<group>"; };
		64B2381A1C2D768400CA6980 /* LEUser.m */ = {isa = PBXFileReference; fileEncoding = 4; lastKnownFileType = sourcecode.c.objc; path = LEUser.m; sourceTree = "<group>"; };
		64E7CE421C0D6D4100E8FFBD /* homeViewController.h */ = {isa = PBXFileReference; fileEncoding = 4; lastKnownFileType = sourcecode.c.h; path = homeViewController.h; sourceTree = "<group>"; };
		64E7CE431C0D6D4100E8FFBD /* homeViewController.m */ = {isa = PBXFileReference; fileEncoding = 4; lastKnownFileType = sourcecode.c.objc; path = homeViewController.m; sourceTree = "<group>"; };
		64E7CE491C0D6EF000E8FFBD /* LEHeaderView.h */ = {isa = PBXFileReference; fileEncoding = 4; lastKnownFileType = sourcecode.c.h; path = LEHeaderView.h; sourceTree = "<group>"; };
		64E7CE4A1C0D6EF000E8FFBD /* LEHeaderView.m */ = {isa = PBXFileReference; fileEncoding = 4; lastKnownFileType = sourcecode.c.objc; path = LEHeaderView.m; sourceTree = "<group>"; };
		64E7CE4B1C0D6EF000E8FFBD /* LEHeaderView.xib */ = {isa = PBXFileReference; fileEncoding = 4; lastKnownFileType = file.xib; path = LEHeaderView.xib; sourceTree = "<group>"; };
		64E7CE4E1C0D76C400E8FFBD /* fruit.plist */ = {isa = PBXFileReference; fileEncoding = 4; lastKnownFileType = text.plist.xml; path = fruit.plist; sourceTree = "<group>"; };
		64E7CE501C0D786100E8FFBD /* LEFooterView.h */ = {isa = PBXFileReference; fileEncoding = 4; lastKnownFileType = sourcecode.c.h; path = LEFooterView.h; sourceTree = "<group>"; };
		64E7CE511C0D786100E8FFBD /* LEFooterView.m */ = {isa = PBXFileReference; fileEncoding = 4; lastKnownFileType = sourcecode.c.objc; path = LEFooterView.m; sourceTree = "<group>"; };
		64E7CE521C0D786100E8FFBD /* LEFooterView.xib */ = {isa = PBXFileReference; fileEncoding = 4; lastKnownFileType = file.xib; path = LEFooterView.xib; sourceTree = "<group>"; };
		64E7CE531C0D786100E8FFBD /* LEGoods.h */ = {isa = PBXFileReference; fileEncoding = 4; lastKnownFileType = sourcecode.c.h; path = LEGoods.h; sourceTree = "<group>"; };
		64E7CE541C0D786100E8FFBD /* LEGoods.m */ = {isa = PBXFileReference; fileEncoding = 4; lastKnownFileType = sourcecode.c.objc; path = LEGoods.m; sourceTree = "<group>"; };
		64E7CE551C0D786100E8FFBD /* LEGoodsCell.h */ = {isa = PBXFileReference; fileEncoding = 4; lastKnownFileType = sourcecode.c.h; path = LEGoodsCell.h; sourceTree = "<group>"; };
		64E7CE561C0D786100E8FFBD /* LEGoodsCell.m */ = {isa = PBXFileReference; fileEncoding = 4; lastKnownFileType = sourcecode.c.objc; path = LEGoodsCell.m; sourceTree = "<group>"; };
		64E7CE571C0D786100E8FFBD /* LEGoodsCell.xib */ = {isa = PBXFileReference; fileEncoding = 4; lastKnownFileType = file.xib; path = LEGoodsCell.xib; sourceTree = "<group>"; };
/* End PBXFileReference section */

/* Begin PBXFrameworksBuildPhase section */
		646256981C0C87E20028CF5F /* Frameworks */ = {
			isa = PBXFrameworksBuildPhase;
			buildActionMask = 2147483647;
			files = (
			);
			runOnlyForDeploymentPostprocessing = 0;
		};
		646256B41C0C87E20028CF5F /* Frameworks */ = {
			isa = PBXFrameworksBuildPhase;
			buildActionMask = 2147483647;
			files = (
			);
			runOnlyForDeploymentPostprocessing = 0;
		};
		646256BF1C0C87E20028CF5F /* Frameworks */ = {
			isa = PBXFrameworksBuildPhase;
			buildActionMask = 2147483647;
			files = (
			);
			runOnlyForDeploymentPostprocessing = 0;
		};
/* End PBXFrameworksBuildPhase section */

/* Begin PBXGroup section */
		646256921C0C87E20028CF5F = {
			isa = PBXGroup;
			children = (
				6462569D1C0C87E20028CF5F /* eFruit */,
				646256BA1C0C87E20028CF5F /* eFruitTests */,
				646256C51C0C87E20028CF5F /* eFruitUITests */,
				6462569C1C0C87E20028CF5F /* Products */,
			);
			sourceTree = "<group>";
		};
		6462569C1C0C87E20028CF5F /* Products */ = {
			isa = PBXGroup;
			children = (
				6462569B1C0C87E20028CF5F /* eFruit.app */,
				646256B71C0C87E20028CF5F /* eFruitTests.xctest */,
				646256C21C0C87E20028CF5F /* eFruitUITests.xctest */,
			);
			name = Products;
			sourceTree = "<group>";
		};
		6462569D1C0C87E20028CF5F /* eFruit */ = {
			isa = PBXGroup;
			children = (
				64E7CE481C0D6D8100E8FFBD /* controllers */,
				64E7CE471C0D6D7700E8FFBD /* models */,
				64E7CE461C0D6D6600E8FFBD /* views */,
				64E7CE451C0D6D5800E8FFBD /* others */,
				6462569E1C0C87E20028CF5F /* Supporting Files */,
			);
			path = eFruit;
			sourceTree = "<group>";
		};
		6462569E1C0C87E20028CF5F /* Supporting Files */ = {
			isa = PBXGroup;
			children = (
				64E7CE4E1C0D76C400E8FFBD /* fruit.plist */,
				646256AD1C0C87E20028CF5F /* Assets.xcassets */,
				646256B21C0C87E20028CF5F /* Info.plist */,
				646256AA1C0C87E20028CF5F /* eFruit.xcdatamodeld */,
				6462569F1C0C87E20028CF5F /* main.m */,
			);
			name = "Supporting Files";
			sourceTree = "<group>";
		};
		646256BA1C0C87E20028CF5F /* eFruitTests */ = {
			isa = PBXGroup;
			children = (
				646256BB1C0C87E20028CF5F /* eFruitTests.m */,
				646256BD1C0C87E20028CF5F /* Info.plist */,
			);
			path = eFruitTests;
			sourceTree = "<group>";
		};
		646256C51C0C87E20028CF5F /* eFruitUITests */ = {
			isa = PBXGroup;
			children = (
				646256C61C0C87E20028CF5F /* eFruitUITests.m */,
				646256C81C0C87E20028CF5F /* Info.plist */,
			);
			path = eFruitUITests;
			sourceTree = "<group>";
		};
		64B2380D1C2D4FB500CA6980 /* MBProgressHUD */ = {
			isa = PBXGroup;
			children = (
				64B2380E1C2D4FB500CA6980 /* MBProgressHUD+MJ.h */,
				64B2380F1C2D4FB500CA6980 /* MBProgressHUD+MJ.m */,
				64B238101C2D4FB500CA6980 /* MBProgressHUD.bundle */,
				64B238111C2D4FB500CA6980 /* MBProgressHUD.h */,
				64B238121C2D4FB500CA6980 /* MBProgressHUD.m */,
			);
			path = MBProgressHUD;
			sourceTree = "<group>";
		};
		64E7CE451C0D6D5800E8FFBD /* others */ = {
			isa = PBXGroup;
			children = (
				64B238161C2D722200CA6980 /* NSArray+Log.h */,
				64B238171C2D722200CA6980 /* NSArray+Log.m */,
				64B2380D1C2D4FB500CA6980 /* MBProgressHUD */,
				646256A11C0C87E20028CF5F /* AppDelegate.h */,
				646256A21C0C87E20028CF5F /* AppDelegate.m */,
			);
			name = others;
			sourceTree = "<group>";
		};
		64E7CE461C0D6D6600E8FFBD /* views */ = {
			isa = PBXGroup;
			children = (
				64E7CE491C0D6EF000E8FFBD /* LEHeaderView.h */,
				64E7CE4A1C0D6EF000E8FFBD /* LEHeaderView.m */,
				64E7CE4B1C0D6EF000E8FFBD /* LEHeaderView.xib */,
				64E7CE501C0D786100E8FFBD /* LEFooterView.h */,
				64E7CE511C0D786100E8FFBD /* LEFooterView.m */,
				64E7CE521C0D786100E8FFBD /* LEFooterView.xib */,
				64E7CE531C0D786100E8FFBD /* LEGoods.h */,
				64E7CE541C0D786100E8FFBD /* LEGoods.m */,
				64E7CE551C0D786100E8FFBD /* LEGoodsCell.h */,
				64E7CE561C0D786100E8FFBD /* LEGoodsCell.m */,
				64E7CE571C0D786100E8FFBD /* LEGoodsCell.xib */,
				646256A71C0C87E20028CF5F /* Main.storyboard */,
				646256AF1C0C87E20028CF5F /* LaunchScreen.storyboard */,
			);
			name = views;
			sourceTree = "<group>";
		};
		64E7CE471C0D6D7700E8FFBD /* models */ = {
			isa = PBXGroup;
			children = (
				64B238191C2D768400CA6980 /* LEUser.h */,
				64B2381A1C2D768400CA6980 /* LEUser.m */,
			);
			name = models;
			sourceTree = "<group>";
		};
		64E7CE481C0D6D8100E8FFBD /* controllers */ = {
			isa = PBXGroup;
			children = (
				64E7CE421C0D6D4100E8FFBD /* homeViewController.h */,
				64E7CE431C0D6D4100E8FFBD /* homeViewController.m */,
				64B238071C2D4EC500CA6980 /* LELoginController.h */,
				64B238081C2D4EC500CA6980 /* LELoginController.m */,
				64B2380A1C2D4F9400CA6980 /* LERegController.h */,
				64B2380B1C2D4F9400CA6980 /* LERegController.m */,
			);
			name = controllers;
			sourceTree = "<group>";
		};
/* End PBXGroup section */

/* Begin PBXNativeTarget section */
		6462569A1C0C87E20028CF5F /* eFruit */ = {
			isa = PBXNativeTarget;
			buildConfigurationList = 646256CB1C0C87E20028CF5F /* Build configuration list for PBXNativeTarget "eFruit" */;
			buildPhases = (
				646256971C0C87E20028CF5F /* Sources */,
				646256981C0C87E20028CF5F /* Frameworks */,
				646256991C0C87E20028CF5F /* Resources */,
			);
			buildRules = (
			);
			dependencies = (
			);
			name = eFruit;
			productName = eFruit;
			productReference = 6462569B1C0C87E20028CF5F /* eFruit.app */;
			productType = "com.apple.product-type.application";
		};
		646256B61C0C87E20028CF5F /* eFruitTests */ = {
			isa = PBXNativeTarget;
			buildConfigurationList = 646256CE1C0C87E20028CF5F /* Build configuration list for PBXNativeTarget "eFruitTests" */;
			buildPhases = (
				646256B31C0C87E20028CF5F /* Sources */,
				646256B41C0C87E20028CF5F /* Frameworks */,
				646256B51C0C87E20028CF5F /* Resources */,
			);
			buildRules = (
			);
			dependencies = (
				646256B91C0C87E20028CF5F /* PBXTargetDependency */,
			);
			name = eFruitTests;
			productName = eFruitTests;
			productReference = 646256B71C0C87E20028CF5F /* eFruitTests.xctest */;
			productType = "com.apple.product-type.bundle.unit-test";
		};
		646256C11C0C87E20028CF5F /* eFruitUITests */ = {
			isa = PBXNativeTarget;
			buildConfigurationList = 646256D11C0C87E20028CF5F /* Build configuration list for PBXNativeTarget "eFruitUITests" */;
			buildPhases = (
				646256BE1C0C87E20028CF5F /* Sources */,
				646256BF1C0C87E20028CF5F /* Frameworks */,
				646256C01C0C87E20028CF5F /* Resources */,
			);
			buildRules = (
			);
			dependencies = (
				646256C41C0C87E20028CF5F /* PBXTargetDependency */,
			);
			name = eFruitUITests;
			productName = eFruitUITests;
			productReference = 646256C21C0C87E20028CF5F /* eFruitUITests.xctest */;
			productType = "com.apple.product-type.bundle.ui-testing";
		};
/* End PBXNativeTarget section */

/* Begin PBXProject section */
		646256931C0C87E20028CF5F /* Project object */ = {
			isa = PBXProject;
			attributes = {
				CLASSPREFIX = LE;
				LastUpgradeCheck = 0710;
				ORGANIZATIONNAME = Eda;
				TargetAttributes = {
					6462569A1C0C87E20028CF5F = {
						CreatedOnToolsVersion = 7.1.1;
					};
					646256B61C0C87E20028CF5F = {
						CreatedOnToolsVersion = 7.1.1;
						TestTargetID = 6462569A1C0C87E20028CF5F;
					};
					646256C11C0C87E20028CF5F = {
						CreatedOnToolsVersion = 7.1.1;
						TestTargetID = 6462569A1C0C87E20028CF5F;
					};
				};
			};
			buildConfigurationList = 646256961C0C87E20028CF5F /* Build configuration list for PBXProject "eFruit" */;
			compatibilityVersion = "Xcode 3.2";
			developmentRegion = English;
			hasScannedForEncodings = 0;
			knownRegions = (
				en,
				Base,
			);
			mainGroup = 646256921C0C87E20028CF5F;
			productRefGroup = 6462569C1C0C87E20028CF5F /* Products */;
			projectDirPath = "";
			projectRoot = "";
			targets = (
				6462569A1C0C87E20028CF5F /* eFruit */,
				646256B61C0C87E20028CF5F /* eFruitTests */,
				646256C11C0C87E20028CF5F /* eFruitUITests */,
			);
		};
/* End PBXProject section */

/* Begin PBXResourcesBuildPhase section */
		646256991C0C87E20028CF5F /* Resources */ = {
			isa = PBXResourcesBuildPhase;
			buildActionMask = 2147483647;
			files = (
				646256B11C0C87E20028CF5F /* LaunchScreen.storyboard in Resources */,
				64B238141C2D4FB500CA6980 /* MBProgressHUD.bundle in Resources */,
				646256AE1C0C87E20028CF5F /* Assets.xcassets in Resources */,
				64E7CE591C0D786100E8FFBD /* LEFooterView.xib in Resources */,
				64E7CE4D1C0D6EF000E8FFBD /* LEHeaderView.xib in Resources */,
				64E7CE5C1C0D786100E8FFBD /* LEGoodsCell.xib in Resources */,
				646256A91C0C87E20028CF5F /* Main.storyboard in Resources */,
				64E7CE4F1C0D76C400E8FFBD /* fruit.plist in Resources */,
			);
			runOnlyForDeploymentPostprocessing = 0;
		};
		646256B51C0C87E20028CF5F /* Resources */ = {
			isa = PBXResourcesBuildPhase;
			buildActionMask = 2147483647;
			files = (
			);
			runOnlyForDeploymentPostprocessing = 0;
		};
		646256C01C0C87E20028CF5F /* Resources */ = {
			isa = PBXResourcesBuildPhase;
			buildActionMask = 2147483647;
			files = (
			);
			runOnlyForDeploymentPostprocessing = 0;
		};
/* End PBXResourcesBuildPhase section */

/* Begin PBXSourcesBuildPhase section */
		646256971C0C87E20028CF5F /* Sources */ = {
			isa = PBXSourcesBuildPhase;
			buildActionMask = 2147483647;
			files = (
				646256A31C0C87E20028CF5F /* AppDelegate.m in Sources */,
				64B2381B1C2D768400CA6980 /* LEUser.m in Sources */,
				646256AC1C0C87E20028CF5F /* eFruit.xcdatamodeld in Sources */,
				64E7CE581C0D786100E8FFBD /* LEFooterView.m in Sources */,
				64E7CE4C1C0D6EF000E8FFBD /* LEHeaderView.m in Sources */,
				646256A01C0C87E20028CF5F /* main.m in Sources */,
				64B238131C2D4FB500CA6980 /* MBProgressHUD+MJ.m in Sources */,
				64B2380C1C2D4F9400CA6980 /* LERegController.m in Sources */,
				64B238181C2D722200CA6980 /* NSArray+Log.m in Sources */,
				64B238151C2D4FB500CA6980 /* MBProgressHUD.m in Sources */,
				64E7CE5B1C0D786100E8FFBD /* LEGoodsCell.m in Sources */,
				64E7CE5A1C0D786100E8FFBD /* LEGoods.m in Sources */,
				64B238091C2D4EC500CA6980 /* LELoginController.m in Sources */,
				64E7CE441C0D6D4100E8FFBD /* homeViewController.m in Sources */,
			);
			runOnlyForDeploymentPostprocessing = 0;
		};
		646256B31C0C87E20028CF5F /* Sources */ = {
			isa = PBXSourcesBuildPhase;
			buildActionMask = 2147483647;
			files = (
				646256BC1C0C87E20028CF5F /* eFruitTests.m in Sources */,
			);
			runOnlyForDeploymentPostprocessing = 0;
		};
		646256BE1C0C87E20028CF5F /* Sources */ = {
			isa = PBXSourcesBuildPhase;
			buildActionMask = 2147483647;
			files = (
				646256C71C0C87E20028CF5F /* eFruitUITests.m in Sources */,
			);
			runOnlyForDeploymentPostprocessing = 0;
		};
/* End PBXSourcesBuildPhase section */

/* Begin PBXTargetDependency section */
		646256B91C0C87E20028CF5F /* PBXTargetDependency */ = {
			isa = PBXTargetDependency;
			target = 6462569A1C0C87E20028CF5F /* eFruit */;
			targetProxy = 646256B81C0C87E20028CF5F /* PBXContainerItemProxy */;
		};
		646256C41C0C87E20028CF5F /* PBXTargetDependency */ = {
			isa = PBXTargetDependency;
			target = 6462569A1C0C87E20028CF5F /* eFruit */;
			targetProxy = 646256C31C0C87E20028CF5F /* PBXContainerItemProxy */;
		};
/* End PBXTargetDependency section */

/* Begin PBXVariantGroup section */
		646256A71C0C87E20028CF5F /* Main.storyboard */ = {
			isa = PBXVariantGroup;
			children = (
				646256A81C0C87E20028CF5F /* Base */,
			);
			name = Main.storyboard;
			sourceTree = "<group>";
		};
		646256AF1C0C87E20028CF5F /* LaunchScreen.storyboard */ = {
			isa = PBXVariantGroup;
			children = (
				646256B01C0C87E20028CF5F /* Base */,
			);
			name = LaunchScreen.storyboard;
			sourceTree = "<group>";
		};
/* End PBXVariantGroup section */

/* Begin XCBuildConfiguration section */
		646256C91C0C87E20028CF5F /* Debug */ = {
			isa = XCBuildConfiguration;
			buildSettings = {
				ALWAYS_SEARCH_USER_PATHS = NO;
				CLANG_CXX_LANGUAGE_STANDARD = "gnu++0x";
				CLANG_CXX_LIBRARY = "libc++";
				CLANG_ENABLE_MODULES = YES;
				CLANG_ENABLE_OBJC_ARC = YES;
				CLANG_WARN_BOOL_CONVERSION = YES;
				CLANG_WARN_CONSTANT_CONVERSION = YES;
				CLANG_WARN_DIRECT_OBJC_ISA_USAGE = YES_ERROR;
				CLANG_WARN_EMPTY_BODY = YES;
				CLANG_WARN_ENUM_CONVERSION = YES;
				CLANG_WARN_INT_CONVERSION = YES;
				CLANG_WARN_OBJC_ROOT_CLASS = YES_ERROR;
				CLANG_WARN_UNREACHABLE_CODE = YES;
				CLANG_WARN__DUPLICATE_METHOD_MATCH = YES;
				"CODE_SIGN_IDENTITY[sdk=iphoneos*]" = "iPhone Developer";
				COPY_PHASE_STRIP = NO;
				DEBUG_INFORMATION_FORMAT = dwarf;
				ENABLE_STRICT_OBJC_MSGSEND = YES;
				ENABLE_TESTABILITY = YES;
				GCC_C_LANGUAGE_STANDARD = gnu99;
				GCC_DYNAMIC_NO_PIC = NO;
				GCC_NO_COMMON_BLOCKS = YES;
				GCC_OPTIMIZATION_LEVEL = 0;
				GCC_PREPROCESSOR_DEFINITIONS = (
					"DEBUG=1",
					"$(inherited)",
				);
				GCC_WARN_64_TO_32_BIT_CONVERSION = YES;
				GCC_WARN_ABOUT_RETURN_TYPE = YES_ERROR;
				GCC_WARN_UNDECLARED_SELECTOR = YES;
				GCC_WARN_UNINITIALIZED_AUTOS = YES_AGGRESSIVE;
				GCC_WARN_UNUSED_FUNCTION = YES;
				GCC_WARN_UNUSED_VARIABLE = YES;
				IPHONEOS_DEPLOYMENT_TARGET = 9.1;
				MTL_ENABLE_DEBUG_INFO = YES;
				ONLY_ACTIVE_ARCH = YES;
				SDKROOT = iphoneos;
			};
			name = Debug;
		};
		646256CA1C0C87E20028CF5F /* Release */ = {
			isa = XCBuildConfiguration;
			buildSettings = {
				ALWAYS_SEARCH_USER_PATHS = NO;
				CLANG_CXX_LANGUAGE_STANDARD = "gnu++0x";
				CLANG_CXX_LIBRARY = "libc++";
				CLANG_ENABLE_MODULES = YES;
				CLANG_ENABLE_OBJC_ARC = YES;
				CLANG_WARN_BOOL_CONVERSION = YES;
				CLANG_WARN_CONSTANT_CONVERSION = YES;
				CLANG_WARN_DIRECT_OBJC_ISA_USAGE = YES_ERROR;
				CLANG_WARN_EMPTY_BODY = YES;
				CLANG_WARN_ENUM_CONVERSION = YES;
				CLANG_WARN_INT_CONVERSION = YES;
				CLANG_WARN_OBJC_ROOT_CLASS = YES_ERROR;
				CLANG_WARN_UNREACHABLE_CODE = YES;
				CLANG_WARN__DUPLICATE_METHOD_MATCH = YES;
				"CODE_SIGN_IDENTITY[sdk=iphoneos*]" = "iPhone Developer";
				COPY_PHASE_STRIP = NO;
				DEBUG_INFORMATION_FORMAT = "dwarf-with-dsym";
				ENABLE_NS_ASSERTIONS = NO;
				ENABLE_STRICT_OBJC_MSGSEND = YES;
				GCC_C_LANGUAGE_STANDARD = gnu99;
				GCC_NO_COMMON_BLOCKS = YES;
				GCC_WARN_64_TO_32_BIT_CONVERSION = YES;
				GCC_WARN_ABOUT_RETURN_TYPE = YES_ERROR;
				GCC_WARN_UNDECLARED_SELECTOR = YES;
				GCC_WARN_UNINITIALIZED_AUTOS = YES_AGGRESSIVE;
				GCC_WARN_UNUSED_FUNCTION = YES;
				GCC_WARN_UNUSED_VARIABLE = YES;
				IPHONEOS_DEPLOYMENT_TARGET = 9.1;
				MTL_ENABLE_DEBUG_INFO = NO;
				SDKROOT = iphoneos;
				VALIDATE_PRODUCT = YES;
			};
			name = Release;
		};
		646256CC1C0C87E20028CF5F /* Debug */ = {
			isa = XCBuildConfiguration;
			buildSettings = {
				ASSETCATALOG_COMPILER_APPICON_NAME = AppIcon;
				INFOPLIST_FILE = eFruit/Info.plist;
				LD_RUNPATH_SEARCH_PATHS = "$(inherited) @executable_path/Frameworks";
				PRODUCT_BUNDLE_IDENTIFIER = im.eda.eFruit;
				PRODUCT_NAME = "$(TARGET_NAME)";
			};
			name = Debug;
		};
		646256CD1C0C87E20028CF5F /* Release */ = {
			isa = XCBuildConfiguration;
			buildSettings = {
				ASSETCATALOG_COMPILER_APPICON_NAME = AppIcon;
				INFOPLIST_FILE = eFruit/Info.plist;
				LD_RUNPATH_SEARCH_PATHS = "$(inherited) @executable_path/Frameworks";
				PRODUCT_BUNDLE_IDENTIFIER = im.eda.eFruit;
				PRODUCT_NAME = "$(TARGET_NAME)";
			};
			name = Release;
		};
		646256CF1C0C87E20028CF5F /* Debug */ = {
			isa = XCBuildConfiguration;
			buildSettings = {
				BUNDLE_LOADER = "$(TEST_HOST)";
				INFOPLIST_FILE = eFruitTests/Info.plist;
				LD_RUNPATH_SEARCH_PATHS = "$(inherited) @executable_path/Frameworks @loader_path/Frameworks";
				PRODUCT_BUNDLE_IDENTIFIER = im.eda.eFruitTests;
				PRODUCT_NAME = "$(TARGET_NAME)";
				TEST_HOST = "$(BUILT_PRODUCTS_DIR)/eFruit.app/eFruit";
			};
			name = Debug;
		};
		646256D01C0C87E20028CF5F /* Release */ = {
			isa = XCBuildConfiguration;
			buildSettings = {
				BUNDLE_LOADER = "$(TEST_HOST)";
				INFOPLIST_FILE = eFruitTests/Info.plist;
				LD_RUNPATH_SEARCH_PATHS = "$(inherited) @executable_path/Frameworks @loader_path/Frameworks";
				PRODUCT_BUNDLE_IDENTIFIER = im.eda.eFruitTests;
				PRODUCT_NAME = "$(TARGET_NAME)";
				TEST_HOST = "$(BUILT_PRODUCTS_DIR)/eFruit.app/eFruit";
			};
			name = Release;
		};
		646256D21C0C87E20028CF5F /* Debug */ = {
			isa = XCBuildConfiguration;
			buildSettings = {
				INFOPLIST_FILE = eFruitUITests/Info.plist;
				LD_RUNPATH_SEARCH_PATHS = "$(inherited) @executable_path/Frameworks @loader_path/Frameworks";
				PRODUCT_BUNDLE_IDENTIFIER = im.eda.eFruitUITests;
				PRODUCT_NAME = "$(TARGET_NAME)";
				TEST_TARGET_NAME = eFruit;
				USES_XCTRUNNER = YES;
			};
			name = Debug;
		};
		646256D31C0C87E20028CF5F /* Release */ = {
			isa = XCBuildConfiguration;
			buildSettings = {
				INFOPLIST_FILE = eFruitUITests/Info.plist;
				LD_RUNPATH_SEARCH_PATHS = "$(inherited) @executable_path/Frameworks @loader_path/Frameworks";
				PRODUCT_BUNDLE_IDENTIFIER = im.eda.eFruitUITests;
				PRODUCT_NAME = "$(TARGET_NAME)";
				TEST_TARGET_NAME = eFruit;
				USES_XCTRUNNER = YES;
			};
			name = Release;
		};
/* End XCBuildConfiguration section */

/* Begin XCConfigurationList section */
		646256961C0C87E20028CF5F /* Build configuration list for PBXProject "eFruit" */ = {
			isa = XCConfigurationList;
			buildConfigurations = (
				646256C91C0C87E20028CF5F /* Debug */,
				646256CA1C0C87E20028CF5F /* Release */,
			);
			defaultConfigurationIsVisible = 0;
			defaultConfigurationName = Release;
		};
		646256CB1C0C87E20028CF5F /* Build configuration list for PBXNativeTarget "eFruit" */ = {
			isa = XCConfigurationList;
			buildConfigurations = (
				646256CC1C0C87E20028CF5F /* Debug */,
				646256CD1C0C87E20028CF5F /* Release */,
			);
			defaultConfigurationIsVisible = 0;
			defaultConfigurationName = Release;
		};
		646256CE1C0C87E20028CF5F /* Build configuration list for PBXNativeTarget "eFruitTests" */ = {
			isa = XCConfigurationList;
			buildConfigurations = (
				646256CF1C0C87E20028CF5F /* Debug */,
				646256D01C0C87E20028CF5F /* Release */,
			);
			defaultConfigurationIsVisible = 0;
			defaultConfigurationName = Release;
		};
		646256D11C0C87E20028CF5F /* Build configuration list for PBXNativeTarget "eFruitUITests" */ = {
			isa = XCConfigurationList;
			buildConfigurations = (
				646256D21C0C87E20028CF5F /* Debug */,
				646256D31C0C87E20028CF5F /* Release */,
			);
			defaultConfigurationIsVisible = 0;
			defaultConfigurationName = Release;
		};
/* End XCConfigurationList section */

/* Begin XCVersionGroup section */
		646256AA1C0C87E20028CF5F /* eFruit.xcdatamodeld */ = {
			isa = XCVersionGroup;
			children = (
				646256AB1C0C87E20028CF5F /* eFruit.xcdatamodel */,
			);
			currentVersion = 646256AB1C0C87E20028CF5F /* eFruit.xcdatamodel */;
			path = eFruit.xcdatamodeld;
			sourceTree = "<group>";
			versionGroupType = wrapper.xcdatamodel;
		};
/* End XCVersionGroup section */
	};
	rootObject = 646256931C0C87E20028CF5F /* Project object */;
}
